{
  "name": "angular",
  "version": "1.0.0",
  "lockfileVersion": 2,
  "requires": true,
  "packages": {
    "": {
      "name": "angular",
      "version": "1.0.0",
      "license": "ISC",
      "dependencies": {
        "@angular/router": "^17.3.1",
        "angular": "^1.8.2"
      },
      "devDependencies": {}
    },
    "node_modules/@angular/common": {
      "version": "17.3.1",
      "resolved": "https://registry.npmjs.org/@angular/common/-/common-17.3.1.tgz",
      "integrity": "sha512-HyUTJ4RxhE3bOmFRV6Fv2y01ixbrUb8Hd4MxPm8REbNMGKsWCfXhR3FfxFL18Sc03SAF+o0Md0wwekjFKTNKfQ==",
      "peer": true,
      "dependencies": {
        "tslib": "^2.3.0"
      },
      "engines": {
        "node": "^18.13.0 || >=20.9.0"
      },
      "peerDependencies": {
        "@angular/core": "17.3.1",
        "rxjs": "^6.5.3 || ^7.4.0"
      }
    },
    "node_modules/@angular/core": {
      "version": "17.3.1",
      "resolved": "https://registry.npmjs.org/@angular/core/-/core-17.3.1.tgz",
      "integrity": "sha512-Qf3/sgkXS1LHwOTtqAVYprySrn0YpPIZqerPc0tK+hyQfwAz5BQlpcBhbH8RWKlfCY8eO0cqo/j0+e8DQOgYfg==",
      "peer": true,
      "dependencies": {
        "tslib": "^2.3.0"
      },
      "engines": {
        "node": "^18.13.0 || >=20.9.0"
      },
      "peerDependencies": {
        "rxjs": "^6.5.3 || ^7.4.0",
        "zone.js": "~0.14.0"
      }
    },
    "node_modules/@angular/platform-browser": {
      "version": "17.3.1",
      "resolved": "https://registry.npmjs.org/@angular/platform-browser/-/platform-browser-17.3.1.tgz",
      "integrity": "sha512-8ABAL8PElSGzkIparVwifsU0NSu0DdqnWYw9YvLhhZQ6lOuWbG+dTUo/DXzmWhA6ezQWJGNakEZPJJytFIIy+A==",
      "peer": true,
      "dependencies": {
        "tslib": "^2.3.0"
      },
      "engines": {
        "node": "^18.13.0 || >=20.9.0"
      },
      "peerDependencies": {
        "@angular/animations": "17.3.1",
        "@angular/common": "17.3.1",
        "@angular/core": "17.3.1"
      },
      "peerDependenciesMeta": {
        "@angular/animations": {
          "optional": true
        }
      }
    },
    "node_modules/@angular/router": {
      "version": "17.3.1",
      "resolved": "https://registry.npmjs.org/@angular/router/-/router-17.3.1.tgz",
      "integrity": "sha512-H6H7lY9i5Ppu0SFwwpeWqJbCFw8cILOj8Rd1+AGoCN5m3ivPtjD2Ltz62PI2zZkqx+WhQdk19l61Wm3oRqg70A==",
      "dependencies": {
        "tslib": "^2.3.0"
      },
      "engines": {
        "node": "^18.13.0 || >=20.9.0"
      },
      "peerDependencies": {
        "@angular/common": "17.3.1",
        "@angular/core": "17.3.1",
        "@angular/platform-browser": "17.3.1",
        "rxjs": "^6.5.3 || ^7.4.0"
      }
    },
    "node_modules/angular": {
      "version": "1.8.2",
      "resolved": "https://registry.npmjs.org/angular/-/angular-1.8.2.tgz",
      "integrity": "sha512-IauMOej2xEe7/7Ennahkbb5qd/HFADiNuLSESz9Q27inmi32zB0lnAsFeLEWcox3Gd1F6YhNd1CP7/9IukJ0Gw==",
      "deprecated": "For the actively supported Angular, see https://www.npmjs.com/package/@angular/core. AngularJS support has officially ended. For extended AngularJS support options, see https://goo.gle/angularjs-path-forward."
    },
    "node_modules/rxjs": {
      "version": "7.8.1",
      "resolved": "https://registry.npmjs.org/rxjs/-/rxjs-7.8.1.tgz",
      "integrity": "sha512-AA3TVj+0A2iuIoQkWEK/tqFjBq2j+6PO6Y0zJcvzLAFhEFIO3HL0vls9hWLncZbAAbK0mar7oZ4V079I/qPMxg==",
      "peer": true,
      "dependencies": {
        "tslib": "^2.1.0"
      }
    },
    "node_modules/tslib": {
      "version": "2.6.2",
      "resolved": "https://registry.npmjs.org/tslib/-/tslib-2.6.2.tgz",
      "integrity": "sha512-AEYxH93jGFPn/a2iVAwW87VuUIkR1FVUKB77NwMF7nBTDkDrrT/Hpt/IrCJ0QXhW27jTBDcf5ZY7w6RiqTMw2Q=="
    },
    "node_modules/zone.js": {
      "version": "0.14.4",
      "resolved": "https://registry.npmjs.org/zone.js/-/zone.js-0.14.4.tgz",
      "integrity": "sha512-NtTUvIlNELez7Q1DzKVIFZBzNb646boQMgpATo9z3Ftuu/gWvzxCW7jdjcUDoRGxRikrhVHB/zLXh1hxeJawvw==",
      "peer": true,
      "dependencies": {
        "tslib": "^2.3.0"
      }
    }
  },
  "dependencies": {
    "@angular/common": {
      "version": "17.3.1",
      "resolved": "https://registry.npmjs.org/@angular/common/-/common-17.3.1.tgz",
      "integrity": "sha512-HyUTJ4RxhE3bOmFRV6Fv2y01ixbrUb8Hd4MxPm8REbNMGKsWCfXhR3FfxFL18Sc03SAF+o0Md0wwekjFKTNKfQ==",
      "peer": true,
      "requires": {
        "tslib": "^2.3.0"
      }
    },
    "@angular/core": {
      "version": "17.3.1",
      "resolved": "https://registry.npmjs.org/@angular/core/-/core-17.3.1.tgz",
      "integrity": "sha512-Qf3/sgkXS1LHwOTtqAVYprySrn0YpPIZqerPc0tK+hyQfwAz5BQlpcBhbH8RWKlfCY8eO0cqo/j0+e8DQOgYfg==",
      "peer": true,
      "requires": {
        "tslib": "^2.3.0"
      }
    },
    "@angular/platform-browser": {
      "version": "17.3.1",
      "resolved": "https://registry.npmjs.org/@angular/platform-browser/-/platform-browser-17.3.1.tgz",
      "integrity": "sha512-8ABAL8PElSGzkIparVwifsU0NSu0DdqnWYw9YvLhhZQ6lOuWbG+dTUo/DXzmWhA6ezQWJGNakEZPJJytFIIy+A==",
      "peer": true,
      "requires": {
        "tslib": "^2.3.0"
      }
    },
    "@angular/router": {
      "version": "17.3.1",
      "resolved": "https://registry.npmjs.org/@angular/router/-/router-17.3.1.tgz",
      "integrity": "sha512-H6H7lY9i5Ppu0SFwwpeWqJbCFw8cILOj8Rd1+AGoCN5m3ivPtjD2Ltz62PI2zZkqx+WhQdk19l61Wm3oRqg70A==",
      "requires": {
        "tslib": "^2.3.0"
      }
    },
    "angular": {
      "version": "1.8.2",
      "resolved": "https://registry.npmjs.org/angular/-/angular-1.8.2.tgz",
      "integrity": "sha512-IauMOej2xEe7/7Ennahkbb5qd/HFADiNuLSESz9Q27inmi32zB0lnAsFeLEWcox3Gd1F6YhNd1CP7/9IukJ0Gw=="
    },
    "rxjs": {
      "version": "7.8.1",
      "resolved": "https://registry.npmjs.org/rxjs/-/rxjs-7.8.1.tgz",
      "integrity": "sha512-AA3TVj+0A2iuIoQkWEK/tqFjBq2j+6PO6Y0zJcvzLAFhEFIO3HL0vls9hWLncZbAAbK0mar7oZ4V079I/qPMxg==",
      "peer": true,
      "requires": {
        "tslib": "^2.1.0"
      }
    },
    "tslib": {
      "version": "2.6.2",
      "resolved": "https://registry.npmjs.org/tslib/-/tslib-2.6.2.tgz",
      "integrity": "sha512-AEYxH93jGFPn/a2iVAwW87VuUIkR1FVUKB77NwMF7nBTDkDrrT/Hpt/IrCJ0QXhW27jTBDcf5ZY7w6RiqTMw2Q=="
    },
    "zone.js": {
      "version": "0.14.4",
      "resolved": "https://registry.npmjs.org/zone.js/-/zone.js-0.14.4.tgz",
      "integrity": "sha512-NtTUvIlNELez7Q1DzKVIFZBzNb646boQMgpATo9z3Ftuu/gWvzxCW7jdjcUDoRGxRikrhVHB/zLXh1hxeJawvw==",
      "peer": true,
      "requires": {
        "tslib": "^2.3.0"
      }
    }
  }
}
